// !$*UTF8*$!
{
	archiveVersion = 1;
	classes = {
	};
	objectVersion = 55;
	objects = {

/* Begin PBXBuildFile section */
		5C46051A27358027009199E4 /* Assets.xcassets in Resources */ = {isa = PBXBuildFile; fileRef = 5C46051927358027009199E4 /* Assets.xcassets */; };
		5C46051D27358027009199E4 /* Preview Assets.xcassets in Resources */ = {isa = PBXBuildFile; fileRef = 5C46051C27358027009199E4 /* Preview Assets.xcassets */; };
		5C46052727358027009199E4 /* SwiftNewsTests.swift in Sources */ = {isa = PBXBuildFile; fileRef = 5C46052627358027009199E4 /* SwiftNewsTests.swift */; };
		5C4605492735807D009199E4 /* ComposableArchitecture in Frameworks */ = {isa = PBXBuildFile; productRef = 5C4605482735807D009199E4 /* ComposableArchitecture */; };
		5C46054A273580E7009199E4 /* SwiftNewsApp.swift in Sources */ = {isa = PBXBuildFile; fileRef = 5C46053F27358045009199E4 /* SwiftNewsApp.swift */; };
		5C46054C27358197009199E4 /* RSSListView.swift in Sources */ = {isa = PBXBuildFile; fileRef = 5C46054B27358197009199E4 /* RSSListView.swift */; };
		5C46054E273581A0009199E4 /* RSSListState.swift in Sources */ = {isa = PBXBuildFile; fileRef = 5C46054D273581A0009199E4 /* RSSListState.swift */; };
		5C460550273581A9009199E4 /* RSSFeedView.swift in Sources */ = {isa = PBXBuildFile; fileRef = 5C46054F273581A9009199E4 /* RSSFeedView.swift */; };
		5C460552273581AF009199E4 /* RSSFeed.swift in Sources */ = {isa = PBXBuildFile; fileRef = 5C460551273581AF009199E4 /* RSSFeed.swift */; };
		5C460554273581B5009199E4 /* RSSArticleView.swift in Sources */ = {isa = PBXBuildFile; fileRef = 5C460553273581B5009199E4 /* RSSArticleView.swift */; };
		5C460556273581BA009199E4 /* RSSArticle.swift in Sources */ = {isa = PBXBuildFile; fileRef = 5C460555273581BA009199E4 /* RSSArticle.swift */; };
/* End PBXBuildFile section */

/* Begin PBXContainerItemProxy section */
		5C46052327358027009199E4 /* PBXContainerItemProxy */ = {
			isa = PBXContainerItemProxy;
			containerPortal = 5C46050A27358025009199E4 /* Project object */;
			proxyType = 1;
			remoteGlobalIDString = 5C46051127358025009199E4;
			remoteInfo = SwiftNews;
		};
/* End PBXContainerItemProxy section */

/* Begin PBXFileReference section */
		5C46051227358025009199E4 /* SwiftNews.app */ = {isa = PBXFileReference; explicitFileType = wrapper.application; includeInIndex = 0; path = SwiftNews.app; sourceTree = BUILT_PRODUCTS_DIR; };
		5C46051927358027009199E4 /* Assets.xcassets */ = {isa = PBXFileReference; lastKnownFileType = folder.assetcatalog; path = Assets.xcassets; sourceTree = "<group>"; };
		5C46051C27358027009199E4 /* Preview Assets.xcassets */ = {isa = PBXFileReference; lastKnownFileType = folder.assetcatalog; path = "Preview Assets.xcassets"; sourceTree = "<group>"; };
		5C46052227358027009199E4 /* SwiftNewsTests.xctest */ = {isa = PBXFileReference; explicitFileType = wrapper.cfbundle; includeInIndex = 0; path = SwiftNewsTests.xctest; sourceTree = BUILT_PRODUCTS_DIR; };
		5C46052627358027009199E4 /* SwiftNewsTests.swift */ = {isa = PBXFileReference; lastKnownFileType = sourcecode.swift; path = SwiftNewsTests.swift; sourceTree = "<group>"; };
		5C46053F27358045009199E4 /* SwiftNewsApp.swift */ = {isa = PBXFileReference; fileEncoding = 4; lastKnownFileType = sourcecode.swift; name = SwiftNewsApp.swift; path = ../../../SwiftNews/SwiftNews/SwiftNewsApp.swift; sourceTree = "<group>"; };
		5C46054B27358197009199E4 /* RSSListView.swift */ = {isa = PBXFileReference; fileEncoding = 4; lastKnownFileType = sourcecode.swift; path = RSSListView.swift; sourceTree = "<group>"; };
		5C46054D273581A0009199E4 /* RSSListState.swift */ = {isa = PBXFileReference; fileEncoding = 4; lastKnownFileType = sourcecode.swift; path = RSSListState.swift; sourceTree = "<group>"; };
		5C46054F273581A9009199E4 /* RSSFeedView.swift */ = {isa = PBXFileReference; fileEncoding = 4; lastKnownFileType = sourcecode.swift; path = RSSFeedView.swift; sourceTree = "<group>"; };
		5C460551273581AF009199E4 /* RSSFeed.swift */ = {isa = PBXFileReference; fileEncoding = 4; lastKnownFileType = sourcecode.swift; path = RSSFeed.swift; sourceTree = "<group>"; };
		5C460553273581B5009199E4 /* RSSArticleView.swift */ = {isa = PBXFileReference; fileEncoding = 4; lastKnownFileType = sourcecode.swift; path = RSSArticleView.swift; sourceTree = "<group>"; };
		5C460555273581BA009199E4 /* RSSArticle.swift */ = {isa = PBXFileReference; fileEncoding = 4; lastKnownFileType = sourcecode.swift; path = RSSArticle.swift; sourceTree = "<group>"; };
/* End PBXFileReference section */

/* Begin PBXFrameworksBuildPhase section */
		5C46050F27358025009199E4 /* Frameworks */ = {
			isa = PBXFrameworksBuildPhase;
			buildActionMask = 2147483647;
			files = (
				5C4605492735807D009199E4 /* ComposableArchitecture in Frameworks */,
			);
			runOnlyForDeploymentPostprocessing = 0;
		};
		5C46051F27358027009199E4 /* Frameworks */ = {
			isa = PBXFrameworksBuildPhase;
			buildActionMask = 2147483647;
			files = (
			);
			runOnlyForDeploymentPostprocessing = 0;
		};
/* End PBXFrameworksBuildPhase section */

/* Begin PBXGroup section */
		5C46050927358025009199E4 = {
			isa = PBXGroup;
			children = (
				5C46051427358025009199E4 /* SwiftNews */,
				5C46052527358027009199E4 /* SwiftNewsTests */,
				5C46051327358025009199E4 /* Products */,
			);
			sourceTree = "<group>";
		};
		5C46051327358025009199E4 /* Products */ = {
			isa = PBXGroup;
			children = (
				5C46051227358025009199E4 /* SwiftNews.app */,
				5C46052227358027009199E4 /* SwiftNewsTests.xctest */,
			);
			name = Products;
			sourceTree = "<group>";
		};
		5C46051427358025009199E4 /* SwiftNews */ = {
			isa = PBXGroup;
			children = (
				5C460557273581C2009199E4 /* RSSFeed */,
				5C460558273581CC009199E4 /* RSSArticle */,
				5C460559273581D6009199E4 /* RSSList */,
				5C46053F27358045009199E4 /* SwiftNewsApp.swift */,
				5C46051927358027009199E4 /* Assets.xcassets */,
				5C46051B27358027009199E4 /* Preview Content */,
			);
			path = SwiftNews;
			sourceTree = "<group>";
		};
		5C46051B27358027009199E4 /* Preview Content */ = {
			isa = PBXGroup;
			children = (
				5C46051C27358027009199E4 /* Preview Assets.xcassets */,
			);
			path = "Preview Content";
			sourceTree = "<group>";
		};
		5C46052527358027009199E4 /* SwiftNewsTests */ = {
			isa = PBXGroup;
			children = (
				5C46052627358027009199E4 /* SwiftNewsTests.swift */,
			);
			path = SwiftNewsTests;
			sourceTree = "<group>";
		};
		5C460557273581C2009199E4 /* RSSFeed */ = {
			isa = PBXGroup;
			children = (
				5C46055B273581E2009199E4 /* Views */,
				5C46055A273581DC009199E4 /* Data */,
			);
			path = RSSFeed;
			sourceTree = "<group>";
		};
		5C460558273581CC009199E4 /* RSSArticle */ = {
			isa = PBXGroup;
			children = (
				5C46055C273581EB009199E4 /* Views */,
				5C46055F273581FF009199E4 /* Data */,
			);
			path = RSSArticle;
			sourceTree = "<group>";
		};
		5C460559273581D6009199E4 /* RSSList */ = {
			isa = PBXGroup;
			children = (
				5C46055E273581FA009199E4 /* Data */,
				5C46055D273581F0009199E4 /* Views */,
			);
			path = RSSList;
			sourceTree = "<group>";
		};
		5C46055A273581DC009199E4 /* Data */ = {
			isa = PBXGroup;
			children = (
				5C460551273581AF009199E4 /* RSSFeed.swift */,
			);
			path = Data;
			sourceTree = "<group>";
		};
		5C46055B273581E2009199E4 /* Views */ = {
			isa = PBXGroup;
			children = (
				5C46054F273581A9009199E4 /* RSSFeedView.swift */,
			);
			path = Views;
			sourceTree = "<group>";
		};
		5C46055C273581EB009199E4 /* Views */ = {
			isa = PBXGroup;
			children = (
				5C460553273581B5009199E4 /* RSSArticleView.swift */,
			);
			path = Views;
			sourceTree = "<group>";
		};
		5C46055D273581F0009199E4 /* Views */ = {
			isa = PBXGroup;
			children = (
				5C46054B27358197009199E4 /* RSSListView.swift */,
			);
			path = Views;
			sourceTree = "<group>";
		};
		5C46055E273581FA009199E4 /* Data */ = {
			isa = PBXGroup;
			children = (
				5C46054D273581A0009199E4 /* RSSListState.swift */,
			);
			path = Data;
			sourceTree = "<group>";
		};
		5C46055F273581FF009199E4 /* Data */ = {
			isa = PBXGroup;
			children = (
				5C460555273581BA009199E4 /* RSSArticle.swift */,
			);
			path = Data;
			sourceTree = "<group>";
		};
/* End PBXGroup section */

/* Begin PBXNativeTarget section */
		5C46051127358025009199E4 /* SwiftNews */ = {
			isa = PBXNativeTarget;
			buildConfigurationList = 5C46053627358027009199E4 /* Build configuration list for PBXNativeTarget "SwiftNews" */;
			buildPhases = (
				5C46050E27358025009199E4 /* Sources */,
				5C46050F27358025009199E4 /* Frameworks */,
				5C46051027358025009199E4 /* Resources */,
			);
			buildRules = (
			);
			dependencies = (
			);
			name = SwiftNews;
			packageProductDependencies = (
				5C4605482735807D009199E4 /* ComposableArchitecture */,
			);
			productName = SwiftNews;
			productReference = 5C46051227358025009199E4 /* SwiftNews.app */;
			productType = "com.apple.product-type.application";
		};
		5C46052127358027009199E4 /* SwiftNewsTests */ = {
			isa = PBXNativeTarget;
			buildConfigurationList = 5C46053927358027009199E4 /* Build configuration list for PBXNativeTarget "SwiftNewsTests" */;
			buildPhases = (
				5C46051E27358027009199E4 /* Sources */,
				5C46051F27358027009199E4 /* Frameworks */,
				5C46052027358027009199E4 /* Resources */,
			);
			buildRules = (
			);
			dependencies = (
				5C46052427358027009199E4 /* PBXTargetDependency */,
			);
			name = SwiftNewsTests;
			productName = SwiftNewsTests;
			productReference = 5C46052227358027009199E4 /* SwiftNewsTests.xctest */;
			productType = "com.apple.product-type.bundle.unit-test";
		};
/* End PBXNativeTarget section */

/* Begin PBXProject section */
		5C46050A27358025009199E4 /* Project object */ = {
			isa = PBXProject;
			attributes = {
				BuildIndependentTargetsInParallel = 1;
				LastSwiftUpdateCheck = 1300;
				LastUpgradeCheck = 1300;
				TargetAttributes = {
					5C46051127358025009199E4 = {
						CreatedOnToolsVersion = 13.0;
					};
					5C46052127358027009199E4 = {
						CreatedOnToolsVersion = 13.0;
						TestTargetID = 5C46051127358025009199E4;
					};
				};
			};
			buildConfigurationList = 5C46050D27358025009199E4 /* Build configuration list for PBXProject "SwiftNews" */;
			compatibilityVersion = "Xcode 13.0";
			developmentRegion = en;
			hasScannedForEncodings = 0;
			knownRegions = (
				en,
				Base,
			);
			mainGroup = 5C46050927358025009199E4;
			packageReferences = (
				5C4605472735807D009199E4 /* XCRemoteSwiftPackageReference "swift-composable-architecture" */,
			);
			productRefGroup = 5C46051327358025009199E4 /* Products */;
			projectDirPath = "";
			projectRoot = "";
			targets = (
				5C46051127358025009199E4 /* SwiftNews */,
				5C46052127358027009199E4 /* SwiftNewsTests */,
			);
		};
/* End PBXProject section */

/* Begin PBXResourcesBuildPhase section */
		5C46051027358025009199E4 /* Resources */ = {
			isa = PBXResourcesBuildPhase;
			buildActionMask = 2147483647;
			files = (
				5C46051D27358027009199E4 /* Preview Assets.xcassets in Resources */,
				5C46051A27358027009199E4 /* Assets.xcassets in Resources */,
			);
			runOnlyForDeploymentPostprocessing = 0;
		};
		5C46052027358027009199E4 /* Resources */ = {
			isa = PBXResourcesBuildPhase;
			buildActionMask = 2147483647;
			files = (
			);
			runOnlyForDeploymentPostprocessing = 0;
		};
/* End PBXResourcesBuildPhase section */

/* Begin PBXSourcesBuildPhase section */
		5C46050E27358025009199E4 /* Sources */ = {
			isa = PBXSourcesBuildPhase;
			buildActionMask = 2147483647;
			files = (
				5C460554273581B5009199E4 /* RSSArticleView.swift in Sources */,
				5C46054A273580E7009199E4 /* SwiftNewsApp.swift in Sources */,
				5C46054E273581A0009199E4 /* RSSListState.swift in Sources */,
				5C460556273581BA009199E4 /* RSSArticle.swift in Sources */,
				5C46054C27358197009199E4 /* RSSListView.swift in Sources */,
				5C460552273581AF009199E4 /* RSSFeed.swift in Sources */,
				5C460550273581A9009199E4 /* RSSFeedView.swift in Sources */,
			);
			runOnlyForDeploymentPostprocessing = 0;
		};
		5C46051E27358027009199E4 /* Sources */ = {
			isa = PBXSourcesBuildPhase;
			buildActionMask = 2147483647;
			files = (
				5C46052727358027009199E4 /* SwiftNewsTests.swift in Sources */,
			);
			runOnlyForDeploymentPostprocessing = 0;
		};
/* End PBXSourcesBuildPhase section */

/* Begin PBXTargetDependency section */
		5C46052427358027009199E4 /* PBXTargetDependency */ = {
			isa = PBXTargetDependency;
			target = 5C46051127358025009199E4 /* SwiftNews */;
			targetProxy = 5C46052327358027009199E4 /* PBXContainerItemProxy */;
		};
/* End PBXTargetDependency section */

/* Begin XCBuildConfiguration section */
		5C46053427358027009199E4 /* Debug */ = {
			isa = XCBuildConfiguration;
			buildSettings = {
				ALWAYS_SEARCH_USER_PATHS = NO;
				CLANG_ANALYZER_NONNULL = YES;
				CLANG_ANALYZER_NUMBER_OBJECT_CONVERSION = YES_AGGRESSIVE;
				CLANG_CXX_LANGUAGE_STANDARD = "gnu++17";
				CLANG_CXX_LIBRARY = "libc++";
				CLANG_ENABLE_MODULES = YES;
				CLANG_ENABLE_OBJC_ARC = YES;
				CLANG_ENABLE_OBJC_WEAK = YES;
				CLANG_WARN_BLOCK_CAPTURE_AUTORELEASING = YES;
				CLANG_WARN_BOOL_CONVERSION = YES;
				CLANG_WARN_COMMA = YES;
				CLANG_WARN_CONSTANT_CONVERSION = YES;
				CLANG_WARN_DEPRECATED_OBJC_IMPLEMENTATIONS = YES;
				CLANG_WARN_DIRECT_OBJC_ISA_USAGE = YES_ERROR;
				CLANG_WARN_DOCUMENTATION_COMMENTS = YES;
				CLANG_WARN_EMPTY_BODY = YES;
				CLANG_WARN_ENUM_CONVERSION = YES;
				CLANG_WARN_INFINITE_RECURSION = YES;
				CLANG_WARN_INT_CONVERSION = YES;
				CLANG_WARN_NON_LITERAL_NULL_CONVERSION = YES;
				CLANG_WARN_OBJC_IMPLICIT_RETAIN_SELF = YES;
				CLANG_WARN_OBJC_LITERAL_CONVERSION = YES;
				CLANG_WARN_OBJC_ROOT_CLASS = YES_ERROR;
				CLANG_WARN_QUOTED_INCLUDE_IN_FRAMEWORK_HEADER = YES;
				CLANG_WARN_RANGE_LOOP_ANALYSIS = YES;
				CLANG_WARN_STRICT_PROTOTYPES = YES;
				CLANG_WARN_SUSPICIOUS_MOVE = YES;
				CLANG_WARN_UNGUARDED_AVAILABILITY = YES_AGGRESSIVE;
				CLANG_WARN_UNREACHABLE_CODE = YES;
				CLANG_WARN__DUPLICATE_METHOD_MATCH = YES;
				COPY_PHASE_STRIP = NO;
				DEBUG_INFORMATION_FORMAT = dwarf;
				ENABLE_STRICT_OBJC_MSGSEND = YES;
				ENABLE_TESTABILITY = YES;
				GCC_C_LANGUAGE_STANDARD = gnu11;
				GCC_DYNAMIC_NO_PIC = NO;
				GCC_NO_COMMON_BLOCKS = YES;
				GCC_OPTIMIZATION_LEVEL = 0;
				GCC_PREPROCESSOR_DEFINITIONS = (
					"DEBUG=1",
					"$(inherited)",
				);
				GCC_WARN_64_TO_32_BIT_CONVERSION = YES;
				GCC_WARN_ABOUT_RETURN_TYPE = YES_ERROR;
				GCC_WARN_UNDECLARED_SELECTOR = YES;
				GCC_WARN_UNINITIALIZED_AUTOS = YES_AGGRESSIVE;
				GCC_WARN_UNUSED_FUNCTION = YES;
				GCC_WARN_UNUSED_VARIABLE = YES;
				IPHONEOS_DEPLOYMENT_TARGET = 15.0;
				MTL_ENABLE_DEBUG_INFO = INCLUDE_SOURCE;
				MTL_FAST_MATH = YES;
				ONLY_ACTIVE_ARCH = YES;
				SDKROOT = iphoneos;
				SWIFT_ACTIVE_COMPILATION_CONDITIONS = DEBUG;
				SWIFT_OPTIMIZATION_LEVEL = "-Onone";
			};
			name = Debug;
		};
		5C46053527358027009199E4 /* Release */ = {
			isa = XCBuildConfiguration;
			buildSettings = {
				ALWAYS_SEARCH_USER_PATHS = NO;
				CLANG_ANALYZER_NONNULL = YES;
				CLANG_ANALYZER_NUMBER_OBJECT_CONVERSION = YES_AGGRESSIVE;
				CLANG_CXX_LANGUAGE_STANDARD = "gnu++17";
				CLANG_CXX_LIBRARY = "libc++";
				CLANG_ENABLE_MODULES = YES;
				CLANG_ENABLE_OBJC_ARC = YES;
				CLANG_ENABLE_OBJC_WEAK = YES;
				CLANG_WARN_BLOCK_CAPTURE_AUTORELEASING = YES;
				CLANG_WARN_BOOL_CONVERSION = YES;
				CLANG_WARN_COMMA = YES;
				CLANG_WARN_CONSTANT_CONVERSION = YES;
				CLANG_WARN_DEPRECATED_OBJC_IMPLEMENTATIONS = YES;
				CLANG_WARN_DIRECT_OBJC_ISA_USAGE = YES_ERROR;
				CLANG_WARN_DOCUMENTATION_COMMENTS = YES;
				CLANG_WARN_EMPTY_BODY = YES;
				CLANG_WARN_ENUM_CONVERSION = YES;
				CLANG_WARN_INFINITE_RECURSION = YES;
				CLANG_WARN_INT_CONVERSION = YES;
				CLANG_WARN_NON_LITERAL_NULL_CONVERSION = YES;
				CLANG_WARN_OBJC_IMPLICIT_RETAIN_SELF = YES;
				CLANG_WARN_OBJC_LITERAL_CONVERSION = YES;
				CLANG_WARN_OBJC_ROOT_CLASS = YES_ERROR;
				CLANG_WARN_QUOTED_INCLUDE_IN_FRAMEWORK_HEADER = YES;
				CLANG_WARN_RANGE_LOOP_ANALYSIS = YES;
				CLANG_WARN_STRICT_PROTOTYPES = YES;
				CLANG_WARN_SUSPICIOUS_MOVE = YES;
				CLANG_WARN_UNGUARDED_AVAILABILITY = YES_AGGRESSIVE;
				CLANG_WARN_UNREACHABLE_CODE = YES;
				CLANG_WARN__DUPLICATE_METHOD_MATCH = YES;
				COPY_PHASE_STRIP = NO;
				DEBUG_INFORMATION_FORMAT = "dwarf-with-dsym";
				ENABLE_NS_ASSERTIONS = NO;
				ENABLE_STRICT_OBJC_MSGSEND = YES;
				GCC_C_LANGUAGE_STANDARD = gnu11;
				GCC_NO_COMMON_BLOCKS = YES;
				GCC_WARN_64_TO_32_BIT_CONVERSION = YES;
				GCC_WARN_ABOUT_RETURN_TYPE = YES_ERROR;
				GCC_WARN_UNDECLARED_SELECTOR = YES;
				GCC_WARN_UNINITIALIZED_AUTOS = YES_AGGRESSIVE;
				GCC_WARN_UNUSED_FUNCTION = YES;
				GCC_WARN_UNUSED_VARIABLE = YES;
				IPHONEOS_DEPLOYMENT_TARGET = 15.0;
				MTL_ENABLE_DEBUG_INFO = NO;
				MTL_FAST_MATH = YES;
				SDKROOT = iphoneos;
				SWIFT_COMPILATION_MODE = wholemodule;
				SWIFT_OPTIMIZATION_LEVEL = "-O";
				VALIDATE_PRODUCT = YES;
			};
			name = Release;
		};
		5C46053727358027009199E4 /* Debug */ = {
			isa = XCBuildConfiguration;
			buildSettings = {
				ASSETCATALOG_COMPILER_APPICON_NAME = AppIcon;
				ASSETCATALOG_COMPILER_GLOBAL_ACCENT_COLOR_NAME = AccentColor;
				CODE_SIGN_STYLE = Automatic;
				CURRENT_PROJECT_VERSION = 1;
				DEVELOPMENT_ASSET_PATHS = "\"SwiftNews/Preview Content\"";
				DEVELOPMENT_TEAM = 8M8SAX62V2;
				ENABLE_PREVIEWS = YES;
				GENERATE_INFOPLIST_FILE = YES;
				INFOPLIST_KEY_UIApplicationSceneManifest_Generation = YES;
				INFOPLIST_KEY_UIApplicationSupportsIndirectInputEvents = YES;
				INFOPLIST_KEY_UILaunchScreen_Generation = YES;
				INFOPLIST_KEY_UISupportedInterfaceOrientations_iPad = "UIInterfaceOrientationPortrait UIInterfaceOrientationPortraitUpsideDown UIInterfaceOrientationLandscapeLeft UIInterfaceOrientationLandscapeRight";
				INFOPLIST_KEY_UISupportedInterfaceOrientations_iPhone = "UIInterfaceOrientationPortrait UIInterfaceOrientationLandscapeLeft UIInterfaceOrientationLandscapeRight";
				IPHONEOS_DEPLOYMENT_TARGET = 14.0;
				LD_RUNPATH_SEARCH_PATHS = (
					"$(inherited)",
					"@executable_path/Frameworks",
				);
				MARKETING_VERSION = 1.0;
				PRODUCT_BUNDLE_IDENTIFIER = Ten.Eight.Studios.SwiftUIJam.SwiftNews;
				PRODUCT_NAME = "$(TARGET_NAME)";
				SWIFT_EMIT_LOC_STRINGS = YES;
				SWIFT_VERSION = 5.0;
				TARGETED_DEVICE_FAMILY = "1,2";
			};
			name = Debug;
		};
		5C46053827358027009199E4 /* Release */ = {
			isa = XCBuildConfiguration;
			buildSettings = {
				ASSETCATALOG_COMPILER_APPICON_NAME = AppIcon;
				ASSETCATALOG_COMPILER_GLOBAL_ACCENT_COLOR_NAME = AccentColor;
				CODE_SIGN_STYLE = Automatic;
				CURRENT_PROJECT_VERSION = 1;
				DEVELOPMENT_ASSET_PATHS = "\"SwiftNews/Preview Content\"";
				DEVELOPMENT_TEAM = 8M8SAX62V2;
				ENABLE_PREVIEWS = YES;
				GENERATE_INFOPLIST_FILE = YES;
				INFOPLIST_KEY_UIApplicationSceneManifest_Generation = YES;
				INFOPLIST_KEY_UIApplicationSupportsIndirectInputEvents = YES;
				INFOPLIST_KEY_UILaunchScreen_Generation = YES;
				INFOPLIST_KEY_UISupportedInterfaceOrientations_iPad = "UIInterfaceOrientationPortrait UIInterfaceOrientationPortraitUpsideDown UIInterfaceOrientationLandscapeLeft UIInterfaceOrientationLandscapeRight";
				INFOPLIST_KEY_UISupportedInterfaceOrientations_iPhone = "UIInterfaceOrientationPortrait UIInterfaceOrientationLandscapeLeft UIInterfaceOrientationLandscapeRight";
				IPHONEOS_DEPLOYMENT_TARGET = 14.0;
				LD_RUNPATH_SEARCH_PATHS = (
					"$(inherited)",
					"@executable_path/Frameworks",
				);
				MARKETING_VERSION = 1.0;
				PRODUCT_BUNDLE_IDENTIFIER = Ten.Eight.Studios.SwiftUIJam.SwiftNews;
				PRODUCT_NAME = "$(TARGET_NAME)";
				SWIFT_EMIT_LOC_STRINGS = YES;
				SWIFT_VERSION = 5.0;
				TARGETED_DEVICE_FAMILY = "1,2";
			};
			name = Release;
		};
		5C46053A27358027009199E4 /* Debug */ = {
			isa = XCBuildConfiguration;
			buildSettings = {
				ALWAYS_EMBED_SWIFT_STANDARD_LIBRARIES = YES;
				BUNDLE_LOADER = "$(TEST_HOST)";
				CODE_SIGN_STYLE = Automatic;
				CURRENT_PROJECT_VERSION = 1;
				DEVELOPMENT_TEAM = 8M8SAX62V2;
				GENERATE_INFOPLIST_FILE = YES;
				IPHONEOS_DEPLOYMENT_TARGET = 14.0;
				LD_RUNPATH_SEARCH_PATHS = (
					"$(inherited)",
					"@executable_path/Frameworks",
					"@loader_path/Frameworks",
				);
				MARKETING_VERSION = 1.0;
				PRODUCT_BUNDLE_IDENTIFIER = Ten.Eight.Studios.SwiftUIJam.SwiftNewsTests;
				PRODUCT_NAME = "$(TARGET_NAME)";
				SWIFT_EMIT_LOC_STRINGS = NO;
				SWIFT_VERSION = 5.0;
				TARGETED_DEVICE_FAMILY = "1,2";
				TEST_HOST = "$(BUILT_PRODUCTS_DIR)/SwiftNews.app/SwiftNews";
			};
			name = Debug;
		};
		5C46053B27358027009199E4 /* Release */ = {
			isa = XCBuildConfiguration;
			buildSettings = {
				ALWAYS_EMBED_SWIFT_STANDARD_LIBRARIES = YES;
				BUNDLE_LOADER = "$(TEST_HOST)";
				CODE_SIGN_STYLE = Automatic;
				CURRENT_PROJECT_VERSION = 1;
				DEVELOPMENT_TEAM = 8M8SAX62V2;
				GENERATE_INFOPLIST_FILE = YES;
				IPHONEOS_DEPLOYMENT_TARGET = 14.0;
				LD_RUNPATH_SEARCH_PATHS = (
					"$(inherited)",
					"@executable_path/Frameworks",
					"@loader_path/Frameworks",
				);
				MARKETING_VERSION = 1.0;
				PRODUCT_BUNDLE_IDENTIFIER = Ten.Eight.Studios.SwiftUIJam.SwiftNewsTests;
				PRODUCT_NAME = "$(TARGET_NAME)";
				SWIFT_EMIT_LOC_STRINGS = NO;
				SWIFT_VERSION = 5.0;
				TARGETED_DEVICE_FAMILY = "1,2";
				TEST_HOST = "$(BUILT_PRODUCTS_DIR)/SwiftNews.app/SwiftNews";
			};
			name = Release;
		};
/* End XCBuildConfiguration section */

/* Begin XCConfigurationList section */
		5C46050D27358025009199E4 /* Build configuration list for PBXProject "SwiftNews" */ = {
			isa = XCConfigurationList;
			buildConfigurations = (
				5C46053427358027009199E4 /* Debug */,
				5C46053527358027009199E4 /* Release */,
			);
			defaultConfigurationIsVisible = 0;
			defaultConfigurationName = Release;
		};
		5C46053627358027009199E4 /* Build configuration list for PBXNativeTarget "SwiftNews" */ = {
			isa = XCConfigurationList;
			buildConfigurations = (
				5C46053727358027009199E4 /* Debug */,
				5C46053827358027009199E4 /* Release */,
			);
			defaultConfigurationIsVisible = 0;
			defaultConfigurationName = Release;
		};
		5C46053927358027009199E4 /* Build configuration list for PBXNativeTarget "SwiftNewsTests" */ = {
			isa = XCConfigurationList;
			buildConfigurations = (
				5C46053A27358027009199E4 /* Debug */,
				5C46053B27358027009199E4 /* Release */,
			);
			defaultConfigurationIsVisible = 0;
			defaultConfigurationName = Release;
		};
/* End XCConfigurationList section */

/* Begin XCRemoteSwiftPackageReference section */
		5C4605472735807D009199E4 /* XCRemoteSwiftPackageReference "swift-composable-architecture" */ = {
			isa = XCRemoteSwiftPackageReference;
			repositoryURL = "https://github.com/pointfreeco/swift-composable-architecture";
			requirement = {
				kind = upToNextMajorVersion;
				minimumVersion = 0.28.1;
			};
		};
/* End XCRemoteSwiftPackageReference section */

/* Begin XCSwiftPackageProductDependency section */
		5C4605482735807D009199E4 /* ComposableArchitecture */ = {
			isa = XCSwiftPackageProductDependency;
			package = 5C4605472735807D009199E4 /* XCRemoteSwiftPackageReference "swift-composable-architecture" */;
			productName = ComposableArchitecture;
		};
/* End XCSwiftPackageProductDependency section */
	};
	rootObject = 5C46050A27358025009199E4 /* Project object */;
}
