// !$*UTF8*$!
{
	archiveVersion = 1;
	classes = {
	};
	objectVersion = 55;
	objects = {

/* Begin PBXBuildFile section */
		00A40FBB2735F579004258A6 /* SwiftyXML in Frameworks */ = {isa = PBXBuildFile; productRef = 00A40FBA2735F579004258A6 /* SwiftyXML */; };
		5C3EC6DF27385F2000871AE8 /* ComposableArchitecture in Frameworks */ = {isa = PBXBuildFile; productRef = 5C3EC6DE27385F2000871AE8 /* ComposableArchitecture */; };
		5C3EC6E127385F3300871AE8 /* SwiftyXML in Frameworks */ = {isa = PBXBuildFile; productRef = 5C3EC6E027385F3300871AE8 /* SwiftyXML */; };
		5C3EC6E327385F3B00871AE8 /* SwiftSoup in Frameworks */ = {isa = PBXBuildFile; productRef = 5C3EC6E227385F3B00871AE8 /* SwiftSoup */; };
		5C46051A27358027009199E4 /* Assets.xcassets in Resources */ = {isa = PBXBuildFile; fileRef = 5C46051927358027009199E4 /* Assets.xcassets */; };
		5C46051D27358027009199E4 /* Preview Assets.xcassets in Resources */ = {isa = PBXBuildFile; fileRef = 5C46051C27358027009199E4 /* Preview Assets.xcassets */; };
		5C46052727358027009199E4 /* SwiftNewsTests.swift in Sources */ = {isa = PBXBuildFile; fileRef = 5C46052627358027009199E4 /* SwiftNewsTests.swift */; };
		5C4605492735807D009199E4 /* ComposableArchitecture in Frameworks */ = {isa = PBXBuildFile; productRef = 5C4605482735807D009199E4 /* ComposableArchitecture */; };
		5C46054C27358197009199E4 /* RSSListView.swift in Sources */ = {isa = PBXBuildFile; fileRef = 5C46054B27358197009199E4 /* RSSListView.swift */; };
		5C46054E273581A0009199E4 /* RSSListState.swift in Sources */ = {isa = PBXBuildFile; fileRef = 5C46054D273581A0009199E4 /* RSSListState.swift */; };
		5C460550273581A9009199E4 /* RSSFeedView.swift in Sources */ = {isa = PBXBuildFile; fileRef = 5C46054F273581A9009199E4 /* RSSFeedView.swift */; };
		5C460552273581AF009199E4 /* RSSFeed.swift in Sources */ = {isa = PBXBuildFile; fileRef = 5C460551273581AF009199E4 /* RSSFeed.swift */; };
		5C460554273581B5009199E4 /* RSSArticleView.swift in Sources */ = {isa = PBXBuildFile; fileRef = 5C460553273581B5009199E4 /* RSSArticleView.swift */; };
		5C460556273581BA009199E4 /* RSSArticle.swift in Sources */ = {isa = PBXBuildFile; fileRef = 5C460555273581BA009199E4 /* RSSArticle.swift */; };
		5C4605612735938A009199E4 /* SwiftNewsApp.swift in Sources */ = {isa = PBXBuildFile; fileRef = 5C4605602735938A009199E4 /* SwiftNewsApp.swift */; };
		899DBF7027385DA000F41A40 /* WidgetKit.framework in Frameworks */ = {isa = PBXBuildFile; fileRef = 899DBF5827385D7800F41A40 /* WidgetKit.framework */; };
		899DBF7127385DA000F41A40 /* SwiftUI.framework in Frameworks */ = {isa = PBXBuildFile; fileRef = 899DBF5A27385D7800F41A40 /* SwiftUI.framework */; };
		899DBF7427385DA000F41A40 /* SwiftNewsWidget.swift in Sources */ = {isa = PBXBuildFile; fileRef = 899DBF7327385DA000F41A40 /* SwiftNewsWidget.swift */; };
		899DBF7A27385DA100F41A40 /* SwiftNewsWidgetExtension.appex in Embed App Extensions */ = {isa = PBXBuildFile; fileRef = 899DBF6F27385DA000F41A40 /* SwiftNewsWidgetExtension.appex */; settings = {ATTRIBUTES = (RemoveHeadersOnCopy, ); }; };
		899DBF8227385DB400F41A40 /* FeedBuilder.swift in Sources */ = {isa = PBXBuildFile; fileRef = B24D640A27359ED20030C454 /* FeedBuilder.swift */; };
		899DBF8327385DB800F41A40 /* FeedErrorHandler.swift in Sources */ = {isa = PBXBuildFile; fileRef = B24D640C2735A31B0030C454 /* FeedErrorHandler.swift */; };
		899DBF8427385DBA00F41A40 /* RSSFeedView.swift in Sources */ = {isa = PBXBuildFile; fileRef = 5C46054F273581A9009199E4 /* RSSFeedView.swift */; };
		899DBF8527385DBD00F41A40 /* RSSFeed.swift in Sources */ = {isa = PBXBuildFile; fileRef = 5C460551273581AF009199E4 /* RSSFeed.swift */; };
		899DBF8627385DBF00F41A40 /* RSSArticleView.swift in Sources */ = {isa = PBXBuildFile; fileRef = 5C460553273581B5009199E4 /* RSSArticleView.swift */; };
		899DBF8727385DC100F41A40 /* RSSArticle.swift in Sources */ = {isa = PBXBuildFile; fileRef = 5C460555273581BA009199E4 /* RSSArticle.swift */; };
		899DBF8827385DC300F41A40 /* RSSListView.swift in Sources */ = {isa = PBXBuildFile; fileRef = 5C46054B27358197009199E4 /* RSSListView.swift */; };
		899DBF8927385DC600F41A40 /* RSSListState.swift in Sources */ = {isa = PBXBuildFile; fileRef = 5C46054D273581A0009199E4 /* RSSListState.swift */; };
		B2063F68273712EB005EA377 /* SwiftSoup in Frameworks */ = {isa = PBXBuildFile; productRef = B2063F67273712EB005EA377 /* SwiftSoup */; };
		B24D640B27359ED20030C454 /* FeedBuilder.swift in Sources */ = {isa = PBXBuildFile; fileRef = B24D640A27359ED20030C454 /* FeedBuilder.swift */; };
		B24D640D2735A31B0030C454 /* FeedErrorHandler.swift in Sources */ = {isa = PBXBuildFile; fileRef = B24D640C2735A31B0030C454 /* FeedErrorHandler.swift */; };
		B2D461B327389AA800B6A614 /* RSSCategoryView.swift in Sources */ = {isa = PBXBuildFile; fileRef = B2D461B227389AA800B6A614 /* RSSCategoryView.swift */; };
		B2D461B527389BC900B6A614 /* CategoryTemp.swift in Sources */ = {isa = PBXBuildFile; fileRef = B2D461B427389BC900B6A614 /* CategoryTemp.swift */; };
/* End PBXBuildFile section */

/* Begin PBXContainerItemProxy section */
		5C46052327358027009199E4 /* PBXContainerItemProxy */ = {
			isa = PBXContainerItemProxy;
			containerPortal = 5C46050A27358025009199E4 /* Project object */;
			proxyType = 1;
			remoteGlobalIDString = 5C46051127358025009199E4;
			remoteInfo = SwiftNews;
		};
		899DBF7827385DA100F41A40 /* PBXContainerItemProxy */ = {
			isa = PBXContainerItemProxy;
			containerPortal = 5C46050A27358025009199E4 /* Project object */;
			proxyType = 1;
			remoteGlobalIDString = 899DBF6E27385DA000F41A40;
			remoteInfo = SwiftNewsWidgetExtension;
		};
/* End PBXContainerItemProxy section */

/* Begin PBXCopyFilesBuildPhase section */
		899DBF6427385D7900F41A40 /* Embed App Extensions */ = {
			isa = PBXCopyFilesBuildPhase;
			buildActionMask = 2147483647;
			dstPath = "";
			dstSubfolderSpec = 13;
			files = (
				899DBF7A27385DA100F41A40 /* SwiftNewsWidgetExtension.appex in Embed App Extensions */,
			);
			name = "Embed App Extensions";
			runOnlyForDeploymentPostprocessing = 0;
		};
/* End PBXCopyFilesBuildPhase section */

/* Begin PBXFileReference section */
		5C3EC6F62738606500871AE8 /* Info.plist */ = {isa = PBXFileReference; lastKnownFileType = text.plist.xml; path = Info.plist; sourceTree = "<group>"; };
		5C46051227358025009199E4 /* SwiftNews.app */ = {isa = PBXFileReference; explicitFileType = wrapper.application; includeInIndex = 0; path = SwiftNews.app; sourceTree = BUILT_PRODUCTS_DIR; };
		5C46051927358027009199E4 /* Assets.xcassets */ = {isa = PBXFileReference; lastKnownFileType = folder.assetcatalog; path = Assets.xcassets; sourceTree = "<group>"; };
		5C46051C27358027009199E4 /* Preview Assets.xcassets */ = {isa = PBXFileReference; lastKnownFileType = folder.assetcatalog; path = "Preview Assets.xcassets"; sourceTree = "<group>"; };
		5C46052227358027009199E4 /* SwiftNewsTests.xctest */ = {isa = PBXFileReference; explicitFileType = wrapper.cfbundle; includeInIndex = 0; path = SwiftNewsTests.xctest; sourceTree = BUILT_PRODUCTS_DIR; };
		5C46052627358027009199E4 /* SwiftNewsTests.swift */ = {isa = PBXFileReference; lastKnownFileType = sourcecode.swift; path = SwiftNewsTests.swift; sourceTree = "<group>"; };
		5C46054B27358197009199E4 /* RSSListView.swift */ = {isa = PBXFileReference; fileEncoding = 4; lastKnownFileType = sourcecode.swift; path = RSSListView.swift; sourceTree = "<group>"; };
		5C46054D273581A0009199E4 /* RSSListState.swift */ = {isa = PBXFileReference; fileEncoding = 4; lastKnownFileType = sourcecode.swift; path = RSSListState.swift; sourceTree = "<group>"; };
		5C46054F273581A9009199E4 /* RSSFeedView.swift */ = {isa = PBXFileReference; fileEncoding = 4; lastKnownFileType = sourcecode.swift; path = RSSFeedView.swift; sourceTree = "<group>"; };
		5C460551273581AF009199E4 /* RSSFeed.swift */ = {isa = PBXFileReference; fileEncoding = 4; lastKnownFileType = sourcecode.swift; path = RSSFeed.swift; sourceTree = "<group>"; };
		5C460553273581B5009199E4 /* RSSArticleView.swift */ = {isa = PBXFileReference; fileEncoding = 4; lastKnownFileType = sourcecode.swift; path = RSSArticleView.swift; sourceTree = "<group>"; };
		5C460555273581BA009199E4 /* RSSArticle.swift */ = {isa = PBXFileReference; fileEncoding = 4; lastKnownFileType = sourcecode.swift; path = RSSArticle.swift; sourceTree = "<group>"; };
		5C4605602735938A009199E4 /* SwiftNewsApp.swift */ = {isa = PBXFileReference; fileEncoding = 4; lastKnownFileType = sourcecode.swift; path = SwiftNewsApp.swift; sourceTree = "<group>"; };
		899DBF5827385D7800F41A40 /* WidgetKit.framework */ = {isa = PBXFileReference; lastKnownFileType = wrapper.framework; name = WidgetKit.framework; path = System/Library/Frameworks/WidgetKit.framework; sourceTree = SDKROOT; };
		899DBF5A27385D7800F41A40 /* SwiftUI.framework */ = {isa = PBXFileReference; lastKnownFileType = wrapper.framework; name = SwiftUI.framework; path = System/Library/Frameworks/SwiftUI.framework; sourceTree = SDKROOT; };
		899DBF6F27385DA000F41A40 /* SwiftNewsWidgetExtension.appex */ = {isa = PBXFileReference; explicitFileType = "wrapper.app-extension"; includeInIndex = 0; path = SwiftNewsWidgetExtension.appex; sourceTree = BUILT_PRODUCTS_DIR; };
		899DBF7327385DA000F41A40 /* SwiftNewsWidget.swift */ = {isa = PBXFileReference; lastKnownFileType = sourcecode.swift; path = SwiftNewsWidget.swift; sourceTree = "<group>"; };
		B24D640A27359ED20030C454 /* FeedBuilder.swift */ = {isa = PBXFileReference; lastKnownFileType = sourcecode.swift; path = FeedBuilder.swift; sourceTree = "<group>"; };
		B24D640C2735A31B0030C454 /* FeedErrorHandler.swift */ = {isa = PBXFileReference; lastKnownFileType = sourcecode.swift; path = FeedErrorHandler.swift; sourceTree = "<group>"; };
		B2D461B227389AA800B6A614 /* RSSCategoryView.swift */ = {isa = PBXFileReference; lastKnownFileType = sourcecode.swift; path = RSSCategoryView.swift; sourceTree = "<group>"; };
		B2D461B427389BC900B6A614 /* CategoryTemp.swift */ = {isa = PBXFileReference; lastKnownFileType = sourcecode.swift; path = CategoryTemp.swift; sourceTree = "<group>"; };
/* End PBXFileReference section */

/* Begin PBXFrameworksBuildPhase section */
		5C46050F27358025009199E4 /* Frameworks */ = {
			isa = PBXFrameworksBuildPhase;
			buildActionMask = 2147483647;
			files = (
				00A40FBB2735F579004258A6 /* SwiftyXML in Frameworks */,
				5C4605492735807D009199E4 /* ComposableArchitecture in Frameworks */,
				B2063F68273712EB005EA377 /* SwiftSoup in Frameworks */,
			);
			runOnlyForDeploymentPostprocessing = 0;
		};
		5C46051F27358027009199E4 /* Frameworks */ = {
			isa = PBXFrameworksBuildPhase;
			buildActionMask = 2147483647;
			files = (
			);
			runOnlyForDeploymentPostprocessing = 0;
		};
		899DBF6C27385DA000F41A40 /* Frameworks */ = {
			isa = PBXFrameworksBuildPhase;
			buildActionMask = 2147483647;
			files = (
				5C3EC6E127385F3300871AE8 /* SwiftyXML in Frameworks */,
				899DBF7127385DA000F41A40 /* SwiftUI.framework in Frameworks */,
				899DBF7027385DA000F41A40 /* WidgetKit.framework in Frameworks */,
				5C3EC6DF27385F2000871AE8 /* ComposableArchitecture in Frameworks */,
				5C3EC6E327385F3B00871AE8 /* SwiftSoup in Frameworks */,
			);
			runOnlyForDeploymentPostprocessing = 0;
		};
/* End PBXFrameworksBuildPhase section */

/* Begin PBXGroup section */
		5C46050927358025009199E4 = {
			isa = PBXGroup;
			children = (
				5C46051427358025009199E4 /* SwiftNews */,
				5C46052527358027009199E4 /* SwiftNewsTests */,
				899DBF7227385DA000F41A40 /* SwiftNewsWidget */,
				899DBF5727385D7800F41A40 /* Frameworks */,
				5C46051327358025009199E4 /* Products */,
			);
			sourceTree = "<group>";
		};
		5C46051327358025009199E4 /* Products */ = {
			isa = PBXGroup;
			children = (
				5C46051227358025009199E4 /* SwiftNews.app */,
				5C46052227358027009199E4 /* SwiftNewsTests.xctest */,
				899DBF6F27385DA000F41A40 /* SwiftNewsWidgetExtension.appex */,
			);
			name = Products;
			sourceTree = "<group>";
		};
		5C46051427358025009199E4 /* SwiftNews */ = {
			isa = PBXGroup;
			children = (
				B2D461AF27389A6F00B6A614 /* RSSCategories */,
				5C4605602735938A009199E4 /* SwiftNewsApp.swift */,
				B24D640627359CC60030C454 /* Services */,
				5C460557273581C2009199E4 /* RSSFeed */,
				5C460558273581CC009199E4 /* RSSArticle */,
				5C460559273581D6009199E4 /* RSSList */,
				5C46051927358027009199E4 /* Assets.xcassets */,
				5C46051B27358027009199E4 /* Preview Content */,
			);
			path = SwiftNews;
			sourceTree = "<group>";
		};
		5C46051B27358027009199E4 /* Preview Content */ = {
			isa = PBXGroup;
			children = (
				5C46051C27358027009199E4 /* Preview Assets.xcassets */,
			);
			path = "Preview Content";
			sourceTree = "<group>";
		};
		5C46052527358027009199E4 /* SwiftNewsTests */ = {
			isa = PBXGroup;
			children = (
				5C46052627358027009199E4 /* SwiftNewsTests.swift */,
			);
			path = SwiftNewsTests;
			sourceTree = "<group>";
		};
		5C460557273581C2009199E4 /* RSSFeed */ = {
			isa = PBXGroup;
			children = (
				5C46055B273581E2009199E4 /* Views */,
				5C46055A273581DC009199E4 /* Data */,
			);
			path = RSSFeed;
			sourceTree = "<group>";
		};
		5C460558273581CC009199E4 /* RSSArticle */ = {
			isa = PBXGroup;
			children = (
				5C46055C273581EB009199E4 /* Views */,
				5C46055F273581FF009199E4 /* Data */,
			);
			path = RSSArticle;
			sourceTree = "<group>";
		};
		5C460559273581D6009199E4 /* RSSList */ = {
			isa = PBXGroup;
			children = (
				5C46055D273581F0009199E4 /* Views */,
				5C46055E273581FA009199E4 /* Data */,
			);
			path = RSSList;
			sourceTree = "<group>";
		};
		5C46055A273581DC009199E4 /* Data */ = {
			isa = PBXGroup;
			children = (
				5C460551273581AF009199E4 /* RSSFeed.swift */,
			);
			path = Data;
			sourceTree = "<group>";
		};
		5C46055B273581E2009199E4 /* Views */ = {
			isa = PBXGroup;
			children = (
				5C46054F273581A9009199E4 /* RSSFeedView.swift */,
				B2D461B427389BC900B6A614 /* CategoryTemp.swift */,
			);
			path = Views;
			sourceTree = "<group>";
		};
		5C46055C273581EB009199E4 /* Views */ = {
			isa = PBXGroup;
			children = (
				5C460553273581B5009199E4 /* RSSArticleView.swift */,
			);
			path = Views;
			sourceTree = "<group>";
		};
		5C46055D273581F0009199E4 /* Views */ = {
			isa = PBXGroup;
			children = (
				5C46054B27358197009199E4 /* RSSListView.swift */,
			);
			path = Views;
			sourceTree = "<group>";
		};
		5C46055E273581FA009199E4 /* Data */ = {
			isa = PBXGroup;
			children = (
				5C46054D273581A0009199E4 /* RSSListState.swift */,
			);
			path = Data;
			sourceTree = "<group>";
		};
		5C46055F273581FF009199E4 /* Data */ = {
			isa = PBXGroup;
			children = (
				5C460555273581BA009199E4 /* RSSArticle.swift */,
			);
			path = Data;
			sourceTree = "<group>";
		};
		899DBF5727385D7800F41A40 /* Frameworks */ = {
			isa = PBXGroup;
			children = (
				899DBF5827385D7800F41A40 /* WidgetKit.framework */,
				899DBF5A27385D7800F41A40 /* SwiftUI.framework */,
			);
			name = Frameworks;
			sourceTree = "<group>";
		};
		899DBF7227385DA000F41A40 /* SwiftNewsWidget */ = {
			isa = PBXGroup;
			children = (
				899DBF7327385DA000F41A40 /* SwiftNewsWidget.swift */,
				5C3EC6F62738606500871AE8 /* Info.plist */,
			);
			path = SwiftNewsWidget;
			sourceTree = "<group>";
		};
		B24D640627359CC60030C454 /* Services */ = {
			isa = PBXGroup;
			children = (
				B24D640A27359ED20030C454 /* FeedBuilder.swift */,
				B24D640C2735A31B0030C454 /* FeedErrorHandler.swift */,
			);
			path = Services;
			sourceTree = "<group>";
		};
		B2D461AF27389A6F00B6A614 /* RSSCategories */ = {
			isa = PBXGroup;
			children = (
				B2D461B127389A9500B6A614 /* Views */,
				B2D461B027389A8100B6A614 /* Data */,
			);
			path = RSSCategories;
			sourceTree = "<group>";
		};
		B2D461B027389A8100B6A614 /* Data */ = {
			isa = PBXGroup;
			children = (
				B2D461B227389AA800B6A614 /* RSSCategoryView.swift */,
			);
			path = Data;
			sourceTree = "<group>";
		};
		B2D461B127389A9500B6A614 /* Views */ = {
			isa = PBXGroup;
			children = (
			);
			path = Views;
			sourceTree = "<group>";
		};
/* End PBXGroup section */

/* Begin PBXNativeTarget section */
		5C46051127358025009199E4 /* SwiftNews */ = {
			isa = PBXNativeTarget;
			buildConfigurationList = 5C46053627358027009199E4 /* Build configuration list for PBXNativeTarget "SwiftNews" */;
			buildPhases = (
				5C46050E27358025009199E4 /* Sources */,
				5C46050F27358025009199E4 /* Frameworks */,
				5C46051027358025009199E4 /* Resources */,
				899DBF6427385D7900F41A40 /* Embed App Extensions */,
			);
			buildRules = (
			);
			dependencies = (
				899DBF8B27385DFC00F41A40 /* PBXTargetDependency */,
				899DBF7927385DA100F41A40 /* PBXTargetDependency */,
			);
			name = SwiftNews;
			packageProductDependencies = (
				5C4605482735807D009199E4 /* ComposableArchitecture */,
				00A40FBA2735F579004258A6 /* SwiftyXML */,
				B2063F67273712EB005EA377 /* SwiftSoup */,
			);
			productName = SwiftNews;
			productReference = 5C46051227358025009199E4 /* SwiftNews.app */;
			productType = "com.apple.product-type.application";
		};
		5C46052127358027009199E4 /* SwiftNewsTests */ = {
			isa = PBXNativeTarget;
			buildConfigurationList = 5C46053927358027009199E4 /* Build configuration list for PBXNativeTarget "SwiftNewsTests" */;
			buildPhases = (
				5C46051E27358027009199E4 /* Sources */,
				5C46051F27358027009199E4 /* Frameworks */,
				5C46052027358027009199E4 /* Resources */,
			);
			buildRules = (
			);
			dependencies = (
				5C46052427358027009199E4 /* PBXTargetDependency */,
			);
			name = SwiftNewsTests;
			productName = SwiftNewsTests;
			productReference = 5C46052227358027009199E4 /* SwiftNewsTests.xctest */;
			productType = "com.apple.product-type.bundle.unit-test";
		};
		899DBF6E27385DA000F41A40 /* SwiftNewsWidgetExtension */ = {
			isa = PBXNativeTarget;
			buildConfigurationList = 899DBF7B27385DA100F41A40 /* Build configuration list for PBXNativeTarget "SwiftNewsWidgetExtension" */;
			buildPhases = (
				899DBF6B27385DA000F41A40 /* Sources */,
				899DBF6C27385DA000F41A40 /* Frameworks */,
				899DBF6D27385DA000F41A40 /* Resources */,
			);
			buildRules = (
			);
			dependencies = (
				899DBF8127385DAC00F41A40 /* PBXTargetDependency */,
				899DBF7F27385DA800F41A40 /* PBXTargetDependency */,
			);
			name = SwiftNewsWidgetExtension;
			packageProductDependencies = (
				5C3EC6DE27385F2000871AE8 /* ComposableArchitecture */,
				5C3EC6E027385F3300871AE8 /* SwiftyXML */,
				5C3EC6E227385F3B00871AE8 /* SwiftSoup */,
			);
			productName = SwiftNewsWidgetExtension;
			productReference = 899DBF6F27385DA000F41A40 /* SwiftNewsWidgetExtension.appex */;
			productType = "com.apple.product-type.app-extension";
		};
/* End PBXNativeTarget section */

/* Begin PBXProject section */
		5C46050A27358025009199E4 /* Project object */ = {
			isa = PBXProject;
			attributes = {
				BuildIndependentTargetsInParallel = 1;
				LastSwiftUpdateCheck = 1300;
				LastUpgradeCheck = 1300;
				TargetAttributes = {
					5C46051127358025009199E4 = {
						CreatedOnToolsVersion = 13.0;
					};
					5C46052127358027009199E4 = {
						CreatedOnToolsVersion = 13.0;
						TestTargetID = 5C46051127358025009199E4;
					};
					899DBF6E27385DA000F41A40 = {
						CreatedOnToolsVersion = 13.0;
					};
				};
			};
			buildConfigurationList = 5C46050D27358025009199E4 /* Build configuration list for PBXProject "SwiftNews" */;
			compatibilityVersion = "Xcode 13.0";
			developmentRegion = en;
			hasScannedForEncodings = 0;
			knownRegions = (
				en,
				Base,
			);
			mainGroup = 5C46050927358025009199E4;
			packageReferences = (
				5C4605472735807D009199E4 /* XCRemoteSwiftPackageReference "swift-composable-architecture" */,
				00A40FB92735F579004258A6 /* XCRemoteSwiftPackageReference "SwiftyXML" */,
				B2063F66273712EB005EA377 /* XCRemoteSwiftPackageReference "SwiftSoup" */,
			);
			productRefGroup = 5C46051327358025009199E4 /* Products */;
			projectDirPath = "";
			projectRoot = "";
			targets = (
				5C46051127358025009199E4 /* SwiftNews */,
				5C46052127358027009199E4 /* SwiftNewsTests */,
				899DBF6E27385DA000F41A40 /* SwiftNewsWidgetExtension */,
			);
		};
/* End PBXProject section */

/* Begin PBXResourcesBuildPhase section */
		5C46051027358025009199E4 /* Resources */ = {
			isa = PBXResourcesBuildPhase;
			buildActionMask = 2147483647;
			files = (
				5C46051D27358027009199E4 /* Preview Assets.xcassets in Resources */,
				5C46051A27358027009199E4 /* Assets.xcassets in Resources */,
			);
			runOnlyForDeploymentPostprocessing = 0;
		};
		5C46052027358027009199E4 /* Resources */ = {
			isa = PBXResourcesBuildPhase;
			buildActionMask = 2147483647;
			files = (
			);
			runOnlyForDeploymentPostprocessing = 0;
		};
		899DBF6D27385DA000F41A40 /* Resources */ = {
			isa = PBXResourcesBuildPhase;
			buildActionMask = 2147483647;
			files = (
			);
			runOnlyForDeploymentPostprocessing = 0;
		};
/* End PBXResourcesBuildPhase section */

/* Begin PBXSourcesBuildPhase section */
		5C46050E27358025009199E4 /* Sources */ = {
			isa = PBXSourcesBuildPhase;
			buildActionMask = 2147483647;
			files = (
				5C460554273581B5009199E4 /* RSSArticleView.swift in Sources */,
				B24D640D2735A31B0030C454 /* FeedErrorHandler.swift in Sources */,
				B2D461B527389BC900B6A614 /* CategoryTemp.swift in Sources */,
				5C46054E273581A0009199E4 /* RSSListState.swift in Sources */,
				5C4605612735938A009199E4 /* SwiftNewsApp.swift in Sources */,
				5C460556273581BA009199E4 /* RSSArticle.swift in Sources */,
				B2D461B327389AA800B6A614 /* RSSCategoryView.swift in Sources */,
				5C46054C27358197009199E4 /* RSSListView.swift in Sources */,
				B24D640B27359ED20030C454 /* FeedBuilder.swift in Sources */,
				5C460552273581AF009199E4 /* RSSFeed.swift in Sources */,
				5C460550273581A9009199E4 /* RSSFeedView.swift in Sources */,
			);
			runOnlyForDeploymentPostprocessing = 0;
		};
		5C46051E27358027009199E4 /* Sources */ = {
			isa = PBXSourcesBuildPhase;
			buildActionMask = 2147483647;
			files = (
				5C46052727358027009199E4 /* SwiftNewsTests.swift in Sources */,
			);
			runOnlyForDeploymentPostprocessing = 0;
		};
		899DBF6B27385DA000F41A40 /* Sources */ = {
			isa = PBXSourcesBuildPhase;
			buildActionMask = 2147483647;
			files = (
				899DBF8627385DBF00F41A40 /* RSSArticleView.swift in Sources */,
				899DBF7427385DA000F41A40 /* SwiftNewsWidget.swift in Sources */,
				899DBF8327385DB800F41A40 /* FeedErrorHandler.swift in Sources */,
				899DBF8827385DC300F41A40 /* RSSListView.swift in Sources */,
				899DBF8727385DC100F41A40 /* RSSArticle.swift in Sources */,
				899DBF8227385DB400F41A40 /* FeedBuilder.swift in Sources */,
				899DBF8527385DBD00F41A40 /* RSSFeed.swift in Sources */,
				899DBF8927385DC600F41A40 /* RSSListState.swift in Sources */,
				899DBF8427385DBA00F41A40 /* RSSFeedView.swift in Sources */,
			);
			runOnlyForDeploymentPostprocessing = 0;
		};
/* End PBXSourcesBuildPhase section */

/* Begin PBXTargetDependency section */
		5C46052427358027009199E4 /* PBXTargetDependency */ = {
			isa = PBXTargetDependency;
			target = 5C46051127358025009199E4 /* SwiftNews */;
			targetProxy = 5C46052327358027009199E4 /* PBXContainerItemProxy */;
		};
		899DBF7927385DA100F41A40 /* PBXTargetDependency */ = {
			isa = PBXTargetDependency;
			target = 899DBF6E27385DA000F41A40 /* SwiftNewsWidgetExtension */;
			targetProxy = 899DBF7827385DA100F41A40 /* PBXContainerItemProxy */;
		};
		899DBF7F27385DA800F41A40 /* PBXTargetDependency */ = {
			isa = PBXTargetDependency;
			productRef = 899DBF7E27385DA800F41A40 /* ComposableArchitecture */;
		};
		899DBF8127385DAC00F41A40 /* PBXTargetDependency */ = {
			isa = PBXTargetDependency;
			productRef = 899DBF8027385DAC00F41A40 /* SwiftyXML */;
		};
		899DBF8B27385DFC00F41A40 /* PBXTargetDependency */ = {
			isa = PBXTargetDependency;
			productRef = 899DBF8A27385DFC00F41A40 /* SwiftSoup */;
		};
/* End PBXTargetDependency section */

/* Begin XCBuildConfiguration section */
		5C46053427358027009199E4 /* Debug */ = {
			isa = XCBuildConfiguration;
			buildSettings = {
				ALWAYS_SEARCH_USER_PATHS = NO;
				CLANG_ANALYZER_NONNULL = YES;
				CLANG_ANALYZER_NUMBER_OBJECT_CONVERSION = YES_AGGRESSIVE;
				CLANG_CXX_LANGUAGE_STANDARD = "gnu++17";
				CLANG_CXX_LIBRARY = "libc++";
				CLANG_ENABLE_MODULES = YES;
				CLANG_ENABLE_OBJC_ARC = YES;
				CLANG_ENABLE_OBJC_WEAK = YES;
				CLANG_WARN_BLOCK_CAPTURE_AUTORELEASING = YES;
				CLANG_WARN_BOOL_CONVERSION = YES;
				CLANG_WARN_COMMA = YES;
				CLANG_WARN_CONSTANT_CONVERSION = YES;
				CLANG_WARN_DEPRECATED_OBJC_IMPLEMENTATIONS = YES;
				CLANG_WARN_DIRECT_OBJC_ISA_USAGE = YES_ERROR;
				CLANG_WARN_DOCUMENTATION_COMMENTS = YES;
				CLANG_WARN_EMPTY_BODY = YES;
				CLANG_WARN_ENUM_CONVERSION = YES;
				CLANG_WARN_INFINITE_RECURSION = YES;
				CLANG_WARN_INT_CONVERSION = YES;
				CLANG_WARN_NON_LITERAL_NULL_CONVERSION = YES;
				CLANG_WARN_OBJC_IMPLICIT_RETAIN_SELF = YES;
				CLANG_WARN_OBJC_LITERAL_CONVERSION = YES;
				CLANG_WARN_OBJC_ROOT_CLASS = YES_ERROR;
				CLANG_WARN_QUOTED_INCLUDE_IN_FRAMEWORK_HEADER = YES;
				CLANG_WARN_RANGE_LOOP_ANALYSIS = YES;
				CLANG_WARN_STRICT_PROTOTYPES = YES;
				CLANG_WARN_SUSPICIOUS_MOVE = YES;
				CLANG_WARN_UNGUARDED_AVAILABILITY = YES_AGGRESSIVE;
				CLANG_WARN_UNREACHABLE_CODE = YES;
				CLANG_WARN__DUPLICATE_METHOD_MATCH = YES;
				COPY_PHASE_STRIP = NO;
				DEBUG_INFORMATION_FORMAT = dwarf;
				ENABLE_STRICT_OBJC_MSGSEND = YES;
				ENABLE_TESTABILITY = YES;
				GCC_C_LANGUAGE_STANDARD = gnu11;
				GCC_DYNAMIC_NO_PIC = NO;
				GCC_NO_COMMON_BLOCKS = YES;
				GCC_OPTIMIZATION_LEVEL = 0;
				GCC_PREPROCESSOR_DEFINITIONS = (
					"DEBUG=1",
					"$(inherited)",
				);
				GCC_WARN_64_TO_32_BIT_CONVERSION = YES;
				GCC_WARN_ABOUT_RETURN_TYPE = YES_ERROR;
				GCC_WARN_UNDECLARED_SELECTOR = YES;
				GCC_WARN_UNINITIALIZED_AUTOS = YES_AGGRESSIVE;
				GCC_WARN_UNUSED_FUNCTION = YES;
				GCC_WARN_UNUSED_VARIABLE = YES;
				IPHONEOS_DEPLOYMENT_TARGET = 15.0;
				MTL_ENABLE_DEBUG_INFO = INCLUDE_SOURCE;
				MTL_FAST_MATH = YES;
				ONLY_ACTIVE_ARCH = YES;
				SDKROOT = iphoneos;
				SWIFT_ACTIVE_COMPILATION_CONDITIONS = DEBUG;
				SWIFT_OPTIMIZATION_LEVEL = "-Onone";
			};
			name = Debug;
		};
		5C46053527358027009199E4 /* Release */ = {
			isa = XCBuildConfiguration;
			buildSettings = {
				ALWAYS_SEARCH_USER_PATHS = NO;
				CLANG_ANALYZER_NONNULL = YES;
				CLANG_ANALYZER_NUMBER_OBJECT_CONVERSION = YES_AGGRESSIVE;
				CLANG_CXX_LANGUAGE_STANDARD = "gnu++17";
				CLANG_CXX_LIBRARY = "libc++";
				CLANG_ENABLE_MODULES = YES;
				CLANG_ENABLE_OBJC_ARC = YES;
				CLANG_ENABLE_OBJC_WEAK = YES;
				CLANG_WARN_BLOCK_CAPTURE_AUTORELEASING = YES;
				CLANG_WARN_BOOL_CONVERSION = YES;
				CLANG_WARN_COMMA = YES;
				CLANG_WARN_CONSTANT_CONVERSION = YES;
				CLANG_WARN_DEPRECATED_OBJC_IMPLEMENTATIONS = YES;
				CLANG_WARN_DIRECT_OBJC_ISA_USAGE = YES_ERROR;
				CLANG_WARN_DOCUMENTATION_COMMENTS = YES;
				CLANG_WARN_EMPTY_BODY = YES;
				CLANG_WARN_ENUM_CONVERSION = YES;
				CLANG_WARN_INFINITE_RECURSION = YES;
				CLANG_WARN_INT_CONVERSION = YES;
				CLANG_WARN_NON_LITERAL_NULL_CONVERSION = YES;
				CLANG_WARN_OBJC_IMPLICIT_RETAIN_SELF = YES;
				CLANG_WARN_OBJC_LITERAL_CONVERSION = YES;
				CLANG_WARN_OBJC_ROOT_CLASS = YES_ERROR;
				CLANG_WARN_QUOTED_INCLUDE_IN_FRAMEWORK_HEADER = YES;
				CLANG_WARN_RANGE_LOOP_ANALYSIS = YES;
				CLANG_WARN_STRICT_PROTOTYPES = YES;
				CLANG_WARN_SUSPICIOUS_MOVE = YES;
				CLANG_WARN_UNGUARDED_AVAILABILITY = YES_AGGRESSIVE;
				CLANG_WARN_UNREACHABLE_CODE = YES;
				CLANG_WARN__DUPLICATE_METHOD_MATCH = YES;
				COPY_PHASE_STRIP = NO;
				DEBUG_INFORMATION_FORMAT = "dwarf-with-dsym";
				ENABLE_NS_ASSERTIONS = NO;
				ENABLE_STRICT_OBJC_MSGSEND = YES;
				GCC_C_LANGUAGE_STANDARD = gnu11;
				GCC_NO_COMMON_BLOCKS = YES;
				GCC_WARN_64_TO_32_BIT_CONVERSION = YES;
				GCC_WARN_ABOUT_RETURN_TYPE = YES_ERROR;
				GCC_WARN_UNDECLARED_SELECTOR = YES;
				GCC_WARN_UNINITIALIZED_AUTOS = YES_AGGRESSIVE;
				GCC_WARN_UNUSED_FUNCTION = YES;
				GCC_WARN_UNUSED_VARIABLE = YES;
				IPHONEOS_DEPLOYMENT_TARGET = 15.0;
				MTL_ENABLE_DEBUG_INFO = NO;
				MTL_FAST_MATH = YES;
				SDKROOT = iphoneos;
				SWIFT_COMPILATION_MODE = wholemodule;
				SWIFT_OPTIMIZATION_LEVEL = "-O";
				VALIDATE_PRODUCT = YES;
			};
			name = Release;
		};
		5C46053727358027009199E4 /* Debug */ = {
			isa = XCBuildConfiguration;
			buildSettings = {
				ALWAYS_EMBED_SWIFT_STANDARD_LIBRARIES = YES;
				ASSETCATALOG_COMPILER_APPICON_NAME = AppIcon;
				ASSETCATALOG_COMPILER_GLOBAL_ACCENT_COLOR_NAME = AccentColor;
				CODE_SIGN_STYLE = Automatic;
				CURRENT_PROJECT_VERSION = 3;
				DEVELOPMENT_ASSET_PATHS = "\"SwiftNews/Preview Content\"";
				DEVELOPMENT_TEAM = 34N89Y6GQ8;
				ENABLE_PREVIEWS = YES;
				GENERATE_INFOPLIST_FILE = YES;
				INFOPLIST_KEY_UIApplicationSceneManifest_Generation = YES;
				INFOPLIST_KEY_UIApplicationSupportsIndirectInputEvents = YES;
				INFOPLIST_KEY_UILaunchScreen_Generation = YES;
				INFOPLIST_KEY_UISupportedInterfaceOrientations_iPad = "UIInterfaceOrientationPortrait UIInterfaceOrientationPortraitUpsideDown UIInterfaceOrientationLandscapeLeft UIInterfaceOrientationLandscapeRight";
				INFOPLIST_KEY_UISupportedInterfaceOrientations_iPhone = "UIInterfaceOrientationPortrait UIInterfaceOrientationLandscapeLeft UIInterfaceOrientationLandscapeRight";
				IPHONEOS_DEPLOYMENT_TARGET = 15.0;
				LD_RUNPATH_SEARCH_PATHS = (
					"$(inherited)",
					"@executable_path/Frameworks",
				);
				MARKETING_VERSION = 0.1.0;
				PRODUCT_BUNDLE_IDENTIFIER = TenEightStudios.SwiftUIJam.SwiftNews;
				PRODUCT_NAME = "$(TARGET_NAME)";
				SWIFT_EMIT_LOC_STRINGS = YES;
				SWIFT_VERSION = 5.0;
				TARGETED_DEVICE_FAMILY = "1,2";
			};
			name = Debug;
		};
		5C46053827358027009199E4 /* Release */ = {
			isa = XCBuildConfiguration;
			buildSettings = {
				ALWAYS_EMBED_SWIFT_STANDARD_LIBRARIES = YES;
				ASSETCATALOG_COMPILER_APPICON_NAME = AppIcon;
				ASSETCATALOG_COMPILER_GLOBAL_ACCENT_COLOR_NAME = AccentColor;
				CODE_SIGN_STYLE = Automatic;
				CURRENT_PROJECT_VERSION = 3;
				DEVELOPMENT_ASSET_PATHS = "\"SwiftNews/Preview Content\"";
				DEVELOPMENT_TEAM = 34N89Y6GQ8;
				ENABLE_PREVIEWS = YES;
				GENERATE_INFOPLIST_FILE = YES;
				INFOPLIST_KEY_UIApplicationSceneManifest_Generation = YES;
				INFOPLIST_KEY_UIApplicationSupportsIndirectInputEvents = YES;
				INFOPLIST_KEY_UILaunchScreen_Generation = YES;
				INFOPLIST_KEY_UISupportedInterfaceOrientations_iPad = "UIInterfaceOrientationPortrait UIInterfaceOrientationPortraitUpsideDown UIInterfaceOrientationLandscapeLeft UIInterfaceOrientationLandscapeRight";
				INFOPLIST_KEY_UISupportedInterfaceOrientations_iPhone = "UIInterfaceOrientationPortrait UIInterfaceOrientationLandscapeLeft UIInterfaceOrientationLandscapeRight";
				IPHONEOS_DEPLOYMENT_TARGET = 15.0;
				LD_RUNPATH_SEARCH_PATHS = (
					"$(inherited)",
					"@executable_path/Frameworks",
				);
				MARKETING_VERSION = 0.1.0;
				PRODUCT_BUNDLE_IDENTIFIER = TenEightStudios.SwiftUIJam.SwiftNews;
				PRODUCT_NAME = "$(TARGET_NAME)";
				SWIFT_EMIT_LOC_STRINGS = YES;
				SWIFT_VERSION = 5.0;
				TARGETED_DEVICE_FAMILY = "1,2";
			};
			name = Release;
		};
		5C46053A27358027009199E4 /* Debug */ = {
			isa = XCBuildConfiguration;
			buildSettings = {
				ALWAYS_EMBED_SWIFT_STANDARD_LIBRARIES = YES;
				BUNDLE_LOADER = "$(TEST_HOST)";
				CODE_SIGN_STYLE = Automatic;
				CURRENT_PROJECT_VERSION = 1;
				DEVELOPMENT_TEAM = 34N89Y6GQ8;
				GENERATE_INFOPLIST_FILE = YES;
				IPHONEOS_DEPLOYMENT_TARGET = 15.0;
				LD_RUNPATH_SEARCH_PATHS = (
					"$(inherited)",
					"@executable_path/Frameworks",
					"@loader_path/Frameworks",
				);
				MARKETING_VERSION = 1.0;
				PRODUCT_BUNDLE_IDENTIFIER = Ten.Eight.Studios.SwiftUIJam.SwiftNewsTests;
				PRODUCT_NAME = "$(TARGET_NAME)";
				SWIFT_EMIT_LOC_STRINGS = NO;
				SWIFT_VERSION = 5.0;
				TARGETED_DEVICE_FAMILY = "1,2";
				TEST_HOST = "$(BUILT_PRODUCTS_DIR)/SwiftNews.app/SwiftNews";
			};
			name = Debug;
		};
		5C46053B27358027009199E4 /* Release */ = {
			isa = XCBuildConfiguration;
			buildSettings = {
				ALWAYS_EMBED_SWIFT_STANDARD_LIBRARIES = YES;
				BUNDLE_LOADER = "$(TEST_HOST)";
				CODE_SIGN_STYLE = Automatic;
				CURRENT_PROJECT_VERSION = 1;
				DEVELOPMENT_TEAM = 34N89Y6GQ8;
				GENERATE_INFOPLIST_FILE = YES;
				IPHONEOS_DEPLOYMENT_TARGET = 15.0;
				LD_RUNPATH_SEARCH_PATHS = (
					"$(inherited)",
					"@executable_path/Frameworks",
					"@loader_path/Frameworks",
				);
				MARKETING_VERSION = 1.0;
				PRODUCT_BUNDLE_IDENTIFIER = Ten.Eight.Studios.SwiftUIJam.SwiftNewsTests;
				PRODUCT_NAME = "$(TARGET_NAME)";
				SWIFT_EMIT_LOC_STRINGS = NO;
				SWIFT_VERSION = 5.0;
				TARGETED_DEVICE_FAMILY = "1,2";
				TEST_HOST = "$(BUILT_PRODUCTS_DIR)/SwiftNews.app/SwiftNews";
			};
			name = Release;
		};
		899DBF7C27385DA100F41A40 /* Debug */ = {
			isa = XCBuildConfiguration;
			buildSettings = {
				ASSETCATALOG_COMPILER_GLOBAL_ACCENT_COLOR_NAME = AccentColor;
				ASSETCATALOG_COMPILER_WIDGET_BACKGROUND_COLOR_NAME = WidgetBackground;
				CODE_SIGN_STYLE = Automatic;
				CURRENT_PROJECT_VERSION = 3;
				DEVELOPMENT_TEAM = 34N89Y6GQ8;
				GENERATE_INFOPLIST_FILE = YES;
				INFOPLIST_FILE = SwiftNewsWidget/Info.plist;
				INFOPLIST_KEY_CFBundleDisplayName = SwiftNewsWidget;
				INFOPLIST_KEY_NSHumanReadableCopyright = "";
				LD_RUNPATH_SEARCH_PATHS = (
					"$(inherited)",
					"@executable_path/Frameworks",
					"@executable_path/../../Frameworks",
				);
				MARKETING_VERSION = 0.1.0;
				PRODUCT_BUNDLE_IDENTIFIER = TenEightStudios.SwiftUIJam.SwiftNews.Widget;
				PRODUCT_NAME = "$(TARGET_NAME)";
				SKIP_INSTALL = YES;
				SWIFT_EMIT_LOC_STRINGS = YES;
				SWIFT_VERSION = 5.0;
				TARGETED_DEVICE_FAMILY = "1,2";
			};
			name = Debug;
		};
		899DBF7D27385DA100F41A40 /* Release */ = {
			isa = XCBuildConfiguration;
			buildSettings = {
				ASSETCATALOG_COMPILER_GLOBAL_ACCENT_COLOR_NAME = AccentColor;
				ASSETCATALOG_COMPILER_WIDGET_BACKGROUND_COLOR_NAME = WidgetBackground;
				CODE_SIGN_STYLE = Automatic;
				CURRENT_PROJECT_VERSION = 3;
				DEVELOPMENT_TEAM = 34N89Y6GQ8;
				GENERATE_INFOPLIST_FILE = YES;
				INFOPLIST_FILE = SwiftNewsWidget/Info.plist;
				INFOPLIST_KEY_CFBundleDisplayName = SwiftNewsWidget;
				INFOPLIST_KEY_NSHumanReadableCopyright = "";
				LD_RUNPATH_SEARCH_PATHS = (
					"$(inherited)",
					"@executable_path/Frameworks",
					"@executable_path/../../Frameworks",
				);
				MARKETING_VERSION = 0.1.0;
				PRODUCT_BUNDLE_IDENTIFIER = TenEightStudios.SwiftUIJam.SwiftNews.Widget;
				PRODUCT_NAME = "$(TARGET_NAME)";
				SKIP_INSTALL = YES;
				SWIFT_EMIT_LOC_STRINGS = YES;
				SWIFT_VERSION = 5.0;
				TARGETED_DEVICE_FAMILY = "1,2";
			};
			name = Release;
		};
/* End XCBuildConfiguration section */

/* Begin XCConfigurationList section */
		5C46050D27358025009199E4 /* Build configuration list for PBXProject "SwiftNews" */ = {
			isa = XCConfigurationList;
			buildConfigurations = (
				5C46053427358027009199E4 /* Debug */,
				5C46053527358027009199E4 /* Release */,
			);
			defaultConfigurationIsVisible = 0;
			defaultConfigurationName = Release;
		};
		5C46053627358027009199E4 /* Build configuration list for PBXNativeTarget "SwiftNews" */ = {
			isa = XCConfigurationList;
			buildConfigurations = (
				5C46053727358027009199E4 /* Debug */,
				5C46053827358027009199E4 /* Release */,
			);
			defaultConfigurationIsVisible = 0;
			defaultConfigurationName = Release;
		};
		5C46053927358027009199E4 /* Build configuration list for PBXNativeTarget "SwiftNewsTests" */ = {
			isa = XCConfigurationList;
			buildConfigurations = (
				5C46053A27358027009199E4 /* Debug */,
				5C46053B27358027009199E4 /* Release */,
			);
			defaultConfigurationIsVisible = 0;
			defaultConfigurationName = Release;
		};
		899DBF7B27385DA100F41A40 /* Build configuration list for PBXNativeTarget "SwiftNewsWidgetExtension" */ = {
			isa = XCConfigurationList;
			buildConfigurations = (
				899DBF7C27385DA100F41A40 /* Debug */,
				899DBF7D27385DA100F41A40 /* Release */,
			);
			defaultConfigurationIsVisible = 0;
			defaultConfigurationName = Release;
		};
/* End XCConfigurationList section */

/* Begin XCRemoteSwiftPackageReference section */
		00A40FB92735F579004258A6 /* XCRemoteSwiftPackageReference "SwiftyXML" */ = {
			isa = XCRemoteSwiftPackageReference;
			repositoryURL = "https://github.com/chenyunguiMilook/SwiftyXML";
			requirement = {
				kind = upToNextMajorVersion;
				minimumVersion = 3.0.0;
			};
		};
		5C4605472735807D009199E4 /* XCRemoteSwiftPackageReference "swift-composable-architecture" */ = {
			isa = XCRemoteSwiftPackageReference;
			repositoryURL = "https://github.com/pointfreeco/swift-composable-architecture";
			requirement = {
				kind = upToNextMajorVersion;
				minimumVersion = 0.28.1;
			};
		};
		B2063F66273712EB005EA377 /* XCRemoteSwiftPackageReference "SwiftSoup" */ = {
			isa = XCRemoteSwiftPackageReference;
			repositoryURL = "https://github.com/scinfu/SwiftSoup.git";
			requirement = {
				kind = upToNextMajorVersion;
				minimumVersion = 2.3.3;
			};
		};
/* End XCRemoteSwiftPackageReference section */

/* Begin XCSwiftPackageProductDependency section */
		00A40FBA2735F579004258A6 /* SwiftyXML */ = {
			isa = XCSwiftPackageProductDependency;
			package = 00A40FB92735F579004258A6 /* XCRemoteSwiftPackageReference "SwiftyXML" */;
			productName = SwiftyXML;
		};
		5C3EC6DE27385F2000871AE8 /* ComposableArchitecture */ = {
			isa = XCSwiftPackageProductDependency;
			package = 5C4605472735807D009199E4 /* XCRemoteSwiftPackageReference "swift-composable-architecture" */;
			productName = ComposableArchitecture;
		};
		5C3EC6E027385F3300871AE8 /* SwiftyXML */ = {
			isa = XCSwiftPackageProductDependency;
			package = 00A40FB92735F579004258A6 /* XCRemoteSwiftPackageReference "SwiftyXML" */;
			productName = SwiftyXML;
		};
		5C3EC6E227385F3B00871AE8 /* SwiftSoup */ = {
			isa = XCSwiftPackageProductDependency;
			package = B2063F66273712EB005EA377 /* XCRemoteSwiftPackageReference "SwiftSoup" */;
			productName = SwiftSoup;
		};
		5C4605482735807D009199E4 /* ComposableArchitecture */ = {
			isa = XCSwiftPackageProductDependency;
			package = 5C4605472735807D009199E4 /* XCRemoteSwiftPackageReference "swift-composable-architecture" */;
			productName = ComposableArchitecture;
		};
		899DBF7E27385DA800F41A40 /* ComposableArchitecture */ = {
			isa = XCSwiftPackageProductDependency;
			package = 5C4605472735807D009199E4 /* XCRemoteSwiftPackageReference "swift-composable-architecture" */;
			productName = ComposableArchitecture;
		};
		899DBF8027385DAC00F41A40 /* SwiftyXML */ = {
			isa = XCSwiftPackageProductDependency;
			package = 00A40FB92735F579004258A6 /* XCRemoteSwiftPackageReference "SwiftyXML" */;
			productName = SwiftyXML;
		};
		899DBF8A27385DFC00F41A40 /* SwiftSoup */ = {
			isa = XCSwiftPackageProductDependency;
			package = B2063F66273712EB005EA377 /* XCRemoteSwiftPackageReference "SwiftSoup" */;
			productName = SwiftSoup;
		};
		B2063F67273712EB005EA377 /* SwiftSoup */ = {
			isa = XCSwiftPackageProductDependency;
			package = B2063F66273712EB005EA377 /* XCRemoteSwiftPackageReference "SwiftSoup" */;
			productName = SwiftSoup;
		};
/* End XCSwiftPackageProductDependency section */
	};
	rootObject = 5C46050A27358025009199E4 /* Project object */;
}
